// !$*UTF8*$!
{
	archiveVersion = 1;
	classes = {
	};
	objectVersion = 50;
	objects = {

/* Begin PBXBuildFile section */
		1C13A1392359633400194A89 /* AppDelegate.m in Sources */ = {isa = PBXBuildFile; fileRef = 1C13A1382359633400194A89 /* AppDelegate.m */; };
		1C13A13F2359633400194A89 /* Main.storyboard in Resources */ = {isa = PBXBuildFile; fileRef = 1C13A13D2359633400194A89 /* Main.storyboard */; };
		1C13A1412359633600194A89 /* Assets.xcassets in Resources */ = {isa = PBXBuildFile; fileRef = 1C13A1402359633600194A89 /* Assets.xcassets */; };
		1C13A1442359633600194A89 /* LaunchScreen.storyboard in Resources */ = {isa = PBXBuildFile; fileRef = 1C13A1422359633600194A89 /* LaunchScreen.storyboard */; };
		1C13A1472359633600194A89 /* main.m in Sources */ = {isa = PBXBuildFile; fileRef = 1C13A1462359633600194A89 /* main.m */; };
		1C13A14F235963B700194A89 /* OpenGLES.framework in Frameworks */ = {isa = PBXBuildFile; fileRef = 1C13A14E235963B700194A89 /* OpenGLES.framework */; };
		1C13A151235963EB00194A89 /* GLKit.framework in Frameworks */ = {isa = PBXBuildFile; fileRef = 1C13A150235963EB00194A89 /* GLKit.framework */; };
		1C13A163235990CE00194A89 /* ViewController.m in Sources */ = {isa = PBXBuildFile; fileRef = 1C13A162235990CE00194A89 /* ViewController.m */; };
		1C13A1672359910C00194A89 /* MyOpenGLView.m in Sources */ = {isa = PBXBuildFile; fileRef = 1C13A1662359910C00194A89 /* MyOpenGLView.m */; };
		1C13A17D2359B7F200194A89 /* AppDelegate.m in Sources */ = {isa = PBXBuildFile; fileRef = 1C13A17C2359B7F200194A89 /* AppDelegate.m */; };
		1C13A1802359B7F200194A89 /* ViewController.m in Sources */ = {isa = PBXBuildFile; fileRef = 1C13A17F2359B7F200194A89 /* ViewController.m */; };
		1C13A1822359B7F200194A89 /* Assets.xcassets in Resources */ = {isa = PBXBuildFile; fileRef = 1C13A1812359B7F200194A89 /* Assets.xcassets */; };
		1C13A1852359B7F200194A89 /* Main.storyboard in Resources */ = {isa = PBXBuildFile; fileRef = 1C13A1832359B7F200194A89 /* Main.storyboard */; };
		1C13A1882359B7F200194A89 /* main.m in Sources */ = {isa = PBXBuildFile; fileRef = 1C13A1872359B7F200194A89 /* main.m */; };
		1C13A1902359BB0A00194A89 /* MyOpenGLView.m in Sources */ = {isa = PBXBuildFile; fileRef = 1C13A18F2359BB0A00194A89 /* MyOpenGLView.m */; };
/* End PBXBuildFile section */

/* Begin PBXFileReference section */
		1C13A1342359633400194A89 /* OpenGLStudy.app */ = {isa = PBXFileReference; explicitFileType = wrapper.application; includeInIndex = 0; path = OpenGLStudy.app; sourceTree = BUILT_PRODUCTS_DIR; };
		1C13A1372359633400194A89 /* AppDelegate.h */ = {isa = PBXFileReference; lastKnownFileType = sourcecode.c.h; path = AppDelegate.h; sourceTree = "<group>"; };
		1C13A1382359633400194A89 /* AppDelegate.m */ = {isa = PBXFileReference; lastKnownFileType = sourcecode.c.objc; path = AppDelegate.m; sourceTree = "<group>"; };
		1C13A13E2359633400194A89 /* Base */ = {isa = PBXFileReference; lastKnownFileType = file.storyboard; name = Base; path = Base.lproj/Main.storyboard; sourceTree = "<group>"; };
		1C13A1402359633600194A89 /* Assets.xcassets */ = {isa = PBXFileReference; lastKnownFileType = folder.assetcatalog; path = Assets.xcassets; sourceTree = "<group>"; };
		1C13A1432359633600194A89 /* Base */ = {isa = PBXFileReference; lastKnownFileType = file.storyboard; name = Base; path = Base.lproj/LaunchScreen.storyboard; sourceTree = "<group>"; };
		1C13A1452359633600194A89 /* Info.plist */ = {isa = PBXFileReference; lastKnownFileType = text.plist.xml; path = Info.plist; sourceTree = "<group>"; };
		1C13A1462359633600194A89 /* main.m */ = {isa = PBXFileReference; lastKnownFileType = sourcecode.c.objc; path = main.m; sourceTree = "<group>"; };
		1C13A14E235963B700194A89 /* OpenGLES.framework */ = {isa = PBXFileReference; lastKnownFileType = wrapper.framework; name = OpenGLES.framework; path = System/Library/Frameworks/OpenGLES.framework; sourceTree = SDKROOT; };
		1C13A150235963EB00194A89 /* GLKit.framework */ = {isa = PBXFileReference; lastKnownFileType = wrapper.framework; name = GLKit.framework; path = System/Library/Frameworks/GLKit.framework; sourceTree = SDKROOT; };
		1C13A15D23598DED00194A89 /* OpenGL.framework */ = {isa = PBXFileReference; lastKnownFileType = wrapper.framework; name = OpenGL.framework; path = Platforms/MacOSX.platform/Developer/SDKs/MacOSX10.14.sdk/System/Library/Frameworks/OpenGL.framework; sourceTree = DEVELOPER_DIR; };
		1C13A15F23598E3C00194A89 /* GLUT.framework */ = {isa = PBXFileReference; lastKnownFileType = wrapper.framework; name = GLUT.framework; path = Platforms/MacOSX.platform/Developer/SDKs/MacOSX10.14.sdk/System/Library/Frameworks/GLUT.framework; sourceTree = DEVELOPER_DIR; };
		1C13A161235990CE00194A89 /* ViewController.h */ = {isa = PBXFileReference; lastKnownFileType = sourcecode.c.h; path = ViewController.h; sourceTree = "<group>"; };
		1C13A162235990CE00194A89 /* ViewController.m */ = {isa = PBXFileReference; lastKnownFileType = sourcecode.c.objc; path = ViewController.m; sourceTree = "<group>"; };
		1C13A1652359910C00194A89 /* MyOpenGLView.h */ = {isa = PBXFileReference; lastKnownFileType = sourcecode.c.h; path = MyOpenGLView.h; sourceTree = "<group>"; };
		1C13A1662359910C00194A89 /* MyOpenGLView.m */ = {isa = PBXFileReference; lastKnownFileType = sourcecode.c.objc; path = MyOpenGLView.m; sourceTree = "<group>"; };
		1C13A1792359B7F200194A89 /* OpenGLStudyMacApp.app */ = {isa = PBXFileReference; explicitFileType = wrapper.application; includeInIndex = 0; path = OpenGLStudyMacApp.app; sourceTree = BUILT_PRODUCTS_DIR; };
		1C13A17B2359B7F200194A89 /* AppDelegate.h */ = {isa = PBXFileReference; lastKnownFileType = sourcecode.c.h; path = AppDelegate.h; sourceTree = "<group>"; };
		1C13A17C2359B7F200194A89 /* AppDelegate.m */ = {isa = PBXFileReference; lastKnownFileType = sourcecode.c.objc; path = AppDelegate.m; sourceTree = "<group>"; };
		1C13A17E2359B7F200194A89 /* ViewController.h */ = {isa = PBXFileReference; lastKnownFileType = sourcecode.c.h; path = ViewController.h; sourceTree = "<group>"; };
		1C13A17F2359B7F200194A89 /* ViewController.m */ = {isa = PBXFileReference; lastKnownFileType = sourcecode.c.objc; path = ViewController.m; sourceTree = "<group>"; };
		1C13A1812359B7F200194A89 /* Assets.xcassets */ = {isa = PBXFileReference; lastKnownFileType = folder.assetcatalog; path = Assets.xcassets; sourceTree = "<group>"; };
		1C13A1842359B7F200194A89 /* Base */ = {isa = PBXFileReference; lastKnownFileType = file.storyboard; name = Base; path = Base.lproj/Main.storyboard; sourceTree = "<group>"; };
		1C13A1862359B7F200194A89 /* Info.plist */ = {isa = PBXFileReference; lastKnownFileType = text.plist.xml; path = Info.plist; sourceTree = "<group>"; };
		1C13A1872359B7F200194A89 /* main.m */ = {isa = PBXFileReference; lastKnownFileType = sourcecode.c.objc; path = main.m; sourceTree = "<group>"; };
		1C13A1892359B7F200194A89 /* OpenGLStudyMacApp.entitlements */ = {isa = PBXFileReference; lastKnownFileType = text.plist.entitlements; path = OpenGLStudyMacApp.entitlements; sourceTree = "<group>"; };
		1C13A18E2359BB0A00194A89 /* MyOpenGLView.h */ = {isa = PBXFileReference; lastKnownFileType = sourcecode.c.h; path = MyOpenGLView.h; sourceTree = "<group>"; };
		1C13A18F2359BB0A00194A89 /* MyOpenGLView.m */ = {isa = PBXFileReference; lastKnownFileType = sourcecode.c.objc; path = MyOpenGLView.m; sourceTree = "<group>"; };
/* End PBXFileReference section */

/* Begin PBXFrameworksBuildPhase section */
		1C13A1312359633400194A89 /* Frameworks */ = {
			isa = PBXFrameworksBuildPhase;
			buildActionMask = 2147483647;
			files = (
				1C13A151235963EB00194A89 /* GLKit.framework in Frameworks */,
				1C13A14F235963B700194A89 /* OpenGLES.framework in Frameworks */,
			);
			runOnlyForDeploymentPostprocessing = 0;
		};
		1C13A1762359B7F200194A89 /* Frameworks */ = {
			isa = PBXFrameworksBuildPhase;
			buildActionMask = 2147483647;
			files = (
			);
			runOnlyForDeploymentPostprocessing = 0;
		};
/* End PBXFrameworksBuildPhase section */

/* Begin PBXGroup section */
		1C13A12B2359633400194A89 = {
			isa = PBXGroup;
			children = (
				1C13A1362359633400194A89 /* OpenGLStudy */,
				1C13A17A2359B7F200194A89 /* OpenGLStudyMacApp */,
				1C13A1352359633400194A89 /* Products */,
				1C13A14D235963B700194A89 /* Frameworks */,
			);
			sourceTree = "<group>";
		};
		1C13A1352359633400194A89 /* Products */ = {
			isa = PBXGroup;
			children = (
				1C13A1342359633400194A89 /* OpenGLStudy.app */,
				1C13A1792359B7F200194A89 /* OpenGLStudyMacApp.app */,
			);
			name = Products;
			sourceTree = "<group>";
		};
		1C13A1362359633400194A89 /* OpenGLStudy */ = {
			isa = PBXGroup;
			children = (
				1C13A164235990FC00194A89 /* MyClass */,
				1C13A1372359633400194A89 /* AppDelegate.h */,
				1C13A1382359633400194A89 /* AppDelegate.m */,
				1C13A161235990CE00194A89 /* ViewController.h */,
				1C13A162235990CE00194A89 /* ViewController.m */,
				1C13A13D2359633400194A89 /* Main.storyboard */,
				1C13A1402359633600194A89 /* Assets.xcassets */,
				1C13A1422359633600194A89 /* LaunchScreen.storyboard */,
				1C13A1452359633600194A89 /* Info.plist */,
				1C13A1462359633600194A89 /* main.m */,
			);
			path = OpenGLStudy;
			sourceTree = "<group>";
		};
		1C13A14D235963B700194A89 /* Frameworks */ = {
			isa = PBXGroup;
			children = (
				1C13A15F23598E3C00194A89 /* GLUT.framework */,
				1C13A15D23598DED00194A89 /* OpenGL.framework */,
				1C13A150235963EB00194A89 /* GLKit.framework */,
				1C13A14E235963B700194A89 /* OpenGLES.framework */,
			);
			name = Frameworks;
			sourceTree = "<group>";
		};
		1C13A164235990FC00194A89 /* MyClass */ = {
			isa = PBXGroup;
			children = (
				1C13A1652359910C00194A89 /* MyOpenGLView.h */,
				1C13A1662359910C00194A89 /* MyOpenGLView.m */,
			);
			path = MyClass;
			sourceTree = "<group>";
		};
		1C13A17A2359B7F200194A89 /* OpenGLStudyMacApp */ = {
			isa = PBXGroup;
			children = (
				1C13A18D2359BAF600194A89 /* MyClass */,
				1C13A17B2359B7F200194A89 /* AppDelegate.h */,
				1C13A17C2359B7F200194A89 /* AppDelegate.m */,
				1C13A17E2359B7F200194A89 /* ViewController.h */,
				1C13A17F2359B7F200194A89 /* ViewController.m */,
				1C13A1812359B7F200194A89 /* Assets.xcassets */,
				1C13A1832359B7F200194A89 /* Main.storyboard */,
				1C13A1862359B7F200194A89 /* Info.plist */,
				1C13A1872359B7F200194A89 /* main.m */,
				1C13A1892359B7F200194A89 /* OpenGLStudyMacApp.entitlements */,
			);
			path = OpenGLStudyMacApp;
			sourceTree = "<group>";
		};
		1C13A18D2359BAF600194A89 /* MyClass */ = {
			isa = PBXGroup;
			children = (
				1C13A18E2359BB0A00194A89 /* MyOpenGLView.h */,
				1C13A18F2359BB0A00194A89 /* MyOpenGLView.m */,
			);
			path = MyClass;
			sourceTree = "<group>";
		};
/* End PBXGroup section */

/* Begin PBXNativeTarget section */
		1C13A1332359633400194A89 /* OpenGLStudy */ = {
			isa = PBXNativeTarget;
			buildConfigurationList = 1C13A14A2359633600194A89 /* Build configuration list for PBXNativeTarget "OpenGLStudy" */;
			buildPhases = (
				1C13A1302359633400194A89 /* Sources */,
				1C13A1312359633400194A89 /* Frameworks */,
				1C13A1322359633400194A89 /* Resources */,
			);
			buildRules = (
			);
			dependencies = (
			);
			name = OpenGLStudy;
			productName = OpenGLStudy;
			productReference = 1C13A1342359633400194A89 /* OpenGLStudy.app */;
			productType = "com.apple.product-type.application";
		};
		1C13A1782359B7F200194A89 /* OpenGLStudyMacApp */ = {
			isa = PBXNativeTarget;
			buildConfigurationList = 1C13A18A2359B7F200194A89 /* Build configuration list for PBXNativeTarget "OpenGLStudyMacApp" */;
			buildPhases = (
				1C13A1752359B7F200194A89 /* Sources */,
				1C13A1762359B7F200194A89 /* Frameworks */,
				1C13A1772359B7F200194A89 /* Resources */,
			);
			buildRules = (
			);
			dependencies = (
			);
			name = OpenGLStudyMacApp;
			productName = OpenGLStudyMacApp;
			productReference = 1C13A1792359B7F200194A89 /* OpenGLStudyMacApp.app */;
			productType = "com.apple.product-type.application";
		};
/* End PBXNativeTarget section */

/* Begin PBXProject section */
		1C13A12C2359633400194A89 /* Project object */ = {
			isa = PBXProject;
			attributes = {
				LastUpgradeCheck = 1030;
				ORGANIZATIONNAME = zjj;
				TargetAttributes = {
					1C13A1332359633400194A89 = {
						CreatedOnToolsVersion = 10.3;
					};
					1C13A1782359B7F200194A89 = {
						CreatedOnToolsVersion = 10.3;
					};
				};
			};
			buildConfigurationList = 1C13A12F2359633400194A89 /* Build configuration list for PBXProject "OpenGLStudy" */;
			compatibilityVersion = "Xcode 9.3";
			developmentRegion = en;
			hasScannedForEncodings = 0;
			knownRegions = (
				en,
				Base,
			);
			mainGroup = 1C13A12B2359633400194A89;
			productRefGroup = 1C13A1352359633400194A89 /* Products */;
			projectDirPath = "";
			projectRoot = "";
			targets = (
				1C13A1332359633400194A89 /* OpenGLStudy */,
				1C13A1782359B7F200194A89 /* OpenGLStudyMacApp */,
			);
		};
/* End PBXProject section */

/* Begin PBXResourcesBuildPhase section */
		1C13A1322359633400194A89 /* Resources */ = {
			isa = PBXResourcesBuildPhase;
			buildActionMask = 2147483647;
			files = (
				1C13A1442359633600194A89 /* LaunchScreen.storyboard in Resources */,
				1C13A1412359633600194A89 /* Assets.xcassets in Resources */,
				1C13A13F2359633400194A89 /* Main.storyboard in Resources */,
			);
			runOnlyForDeploymentPostprocessing = 0;
		};
		1C13A1772359B7F200194A89 /* Resources */ = {
			isa = PBXResourcesBuildPhase;
			buildActionMask = 2147483647;
			files = (
				1C13A1822359B7F200194A89 /* Assets.xcassets in Resources */,
				1C13A1852359B7F200194A89 /* Main.storyboard in Resources */,
			);
			runOnlyForDeploymentPostprocessing = 0;
		};
/* End PBXResourcesBuildPhase section */

/* Begin PBXSourcesBuildPhase section */
		1C13A1302359633400194A89 /* Sources */ = {
			isa = PBXSourcesBuildPhase;
			buildActionMask = 2147483647;
			files = (
				1C13A163235990CE00194A89 /* ViewController.m in Sources */,
				1C13A1472359633600194A89 /* main.m in Sources */,
				1C13A1392359633400194A89 /* AppDelegate.m in Sources */,
				1C13A1672359910C00194A89 /* MyOpenGLView.m in Sources */,
			);
			runOnlyForDeploymentPostprocessing = 0;
		};
		1C13A1752359B7F200194A89 /* Sources */ = {
			isa = PBXSourcesBuildPhase;
			buildActionMask = 2147483647;
			files = (
				1C13A1802359B7F200194A89 /* ViewController.m in Sources */,
				1C13A1882359B7F200194A89 /* main.m in Sources */,
				1C13A17D2359B7F200194A89 /* AppDelegate.m in Sources */,
				1C13A1902359BB0A00194A89 /* MyOpenGLView.m in Sources */,
			);
			runOnlyForDeploymentPostprocessing = 0;
		};
/* End PBXSourcesBuildPhase section */

/* Begin PBXVariantGroup section */
		1C13A13D2359633400194A89 /* Main.storyboard */ = {
			isa = PBXVariantGroup;
			children = (
				1C13A13E2359633400194A89 /* Base */,
			);
			name = Main.storyboard;
			sourceTree = "<group>";
		};
		1C13A1422359633600194A89 /* LaunchScreen.storyboard */ = {
			isa = PBXVariantGroup;
			children = (
				1C13A1432359633600194A89 /* Base */,
			);
			name = LaunchScreen.storyboard;
			sourceTree = "<group>";
		};
		1C13A1832359B7F200194A89 /* Main.storyboard */ = {
			isa = PBXVariantGroup;
			children = (
				1C13A1842359B7F200194A89 /* Base */,
			);
			name = Main.storyboard;
			sourceTree = "<group>";
		};
/* End PBXVariantGroup section */

/* Begin XCBuildConfiguration section */
		1C13A1482359633600194A89 /* Debug */ = {
			isa = XCBuildConfiguration;
			buildSettings = {
				ALWAYS_SEARCH_USER_PATHS = NO;
				CLANG_ANALYZER_NONNULL = YES;
				CLANG_ANALYZER_NUMBER_OBJECT_CONVERSION = YES_AGGRESSIVE;
				CLANG_CXX_LANGUAGE_STANDARD = "gnu++14";
				CLANG_CXX_LIBRARY = "libc++";
				CLANG_ENABLE_MODULES = YES;
				CLANG_ENABLE_OBJC_ARC = YES;
				CLANG_ENABLE_OBJC_WEAK = YES;
				CLANG_WARN_BLOCK_CAPTURE_AUTORELEASING = YES;
				CLANG_WARN_BOOL_CONVERSION = YES;
				CLANG_WARN_COMMA = YES;
				CLANG_WARN_CONSTANT_CONVERSION = YES;
				CLANG_WARN_DEPRECATED_OBJC_IMPLEMENTATIONS = YES;
				CLANG_WARN_DIRECT_OBJC_ISA_USAGE = YES_ERROR;
				CLANG_WARN_DOCUMENTATION_COMMENTS = YES;
				CLANG_WARN_EMPTY_BODY = YES;
				CLANG_WARN_ENUM_CONVERSION = YES;
				CLANG_WARN_INFINITE_RECURSION = YES;
				CLANG_WARN_INT_CONVERSION = YES;
				CLANG_WARN_NON_LITERAL_NULL_CONVERSION = YES;
				CLANG_WARN_OBJC_IMPLICIT_RETAIN_SELF = YES;
				CLANG_WARN_OBJC_LITERAL_CONVERSION = YES;
				CLANG_WARN_OBJC_ROOT_CLASS = YES_ERROR;
				CLANG_WARN_RANGE_LOOP_ANALYSIS = YES;
				CLANG_WARN_STRICT_PROTOTYPES = YES;
				CLANG_WARN_SUSPICIOUS_MOVE = YES;
				CLANG_WARN_UNGUARDED_AVAILABILITY = YES_AGGRESSIVE;
				CLANG_WARN_UNREACHABLE_CODE = YES;
				CLANG_WARN__DUPLICATE_METHOD_MATCH = YES;
				CODE_SIGN_IDENTITY = "iPhone Developer";
				COPY_PHASE_STRIP = NO;
				DEBUG_INFORMATION_FORMAT = dwarf;
				ENABLE_STRICT_OBJC_MSGSEND = YES;
				ENABLE_TESTABILITY = YES;
				GCC_C_LANGUAGE_STANDARD = gnu11;
				GCC_DYNAMIC_NO_PIC = NO;
				GCC_NO_COMMON_BLOCKS = YES;
				GCC_OPTIMIZATION_LEVEL = 0;
				GCC_PREPROCESSOR_DEFINITIONS = (
					"DEBUG=1",
					"$(inherited)",
				);
				GCC_WARN_64_TO_32_BIT_CONVERSION = YES;
				GCC_WARN_ABOUT_RETURN_TYPE = YES_ERROR;
				GCC_WARN_UNDECLARED_SELECTOR = YES;
				GCC_WARN_UNINITIALIZED_AUTOS = YES_AGGRESSIVE;
				GCC_WARN_UNUSED_FUNCTION = YES;
				GCC_WARN_UNUSED_VARIABLE = YES;
				IPHONEOS_DEPLOYMENT_TARGET = 12.4;
				MTL_ENABLE_DEBUG_INFO = INCLUDE_SOURCE;
				MTL_FAST_MATH = YES;
				ONLY_ACTIVE_ARCH = YES;
				SDKROOT = iphoneos;
			};
			name = Debug;
		};
		1C13A1492359633600194A89 /* Release */ = {
			isa = XCBuildConfiguration;
			buildSettings = {
				ALWAYS_SEARCH_USER_PATHS = NO;
				CLANG_ANALYZER_NONNULL = YES;
				CLANG_ANALYZER_NUMBER_OBJECT_CONVERSION = YES_AGGRESSIVE;
				CLANG_CXX_LANGUAGE_STANDARD = "gnu++14";
				CLANG_CXX_LIBRARY = "libc++";
				CLANG_ENABLE_MODULES = YES;
				CLANG_ENABLE_OBJC_ARC = YES;
				CLANG_ENABLE_OBJC_WEAK = YES;
				CLANG_WARN_BLOCK_CAPTURE_AUTORELEASING = YES;
				CLANG_WARN_BOOL_CONVERSION = YES;
				CLANG_WARN_COMMA = YES;
				CLANG_WARN_CONSTANT_CONVERSION = YES;
				CLANG_WARN_DEPRECATED_OBJC_IMPLEMENTATIONS = YES;
				CLANG_WARN_DIRECT_OBJC_ISA_USAGE = YES_ERROR;
				CLANG_WARN_DOCUMENTATION_COMMENTS = YES;
				CLANG_WARN_EMPTY_BODY = YES;
				CLANG_WARN_ENUM_CONVERSION = YES;
				CLANG_WARN_INFINITE_RECURSION = YES;
				CLANG_WARN_INT_CONVERSION = YES;
				CLANG_WARN_NON_LITERAL_NULL_CONVERSION = YES;
				CLANG_WARN_OBJC_IMPLICIT_RETAIN_SELF = YES;
				CLANG_WARN_OBJC_LITERAL_CONVERSION = YES;
				CLANG_WARN_OBJC_ROOT_CLASS = YES_ERROR;
				CLANG_WARN_RANGE_LOOP_ANALYSIS = YES;
				CLANG_WARN_STRICT_PROTOTYPES = YES;
				CLANG_WARN_SUSPICIOUS_MOVE = YES;
				CLANG_WARN_UNGUARDED_AVAILABILITY = YES_AGGRESSIVE;
				CLANG_WARN_UNREACHABLE_CODE = YES;
				CLANG_WARN__DUPLICATE_METHOD_MATCH = YES;
				CODE_SIGN_IDENTITY = "iPhone Developer";
				COPY_PHASE_STRIP = NO;
				DEBUG_INFORMATION_FORMAT = "dwarf-with-dsym";
				ENABLE_NS_ASSERTIONS = NO;
				ENABLE_STRICT_OBJC_MSGSEND = YES;
				GCC_C_LANGUAGE_STANDARD = gnu11;
				GCC_NO_COMMON_BLOCKS = YES;
				GCC_WARN_64_TO_32_BIT_CONVERSION = YES;
				GCC_WARN_ABOUT_RETURN_TYPE = YES_ERROR;
				GCC_WARN_UNDECLARED_SELECTOR = YES;
				GCC_WARN_UNINITIALIZED_AUTOS = YES_AGGRESSIVE;
				GCC_WARN_UNUSED_FUNCTION = YES;
				GCC_WARN_UNUSED_VARIABLE = YES;
				IPHONEOS_DEPLOYMENT_TARGET = 12.4;
				MTL_ENABLE_DEBUG_INFO = NO;
				MTL_FAST_MATH = YES;
				SDKROOT = iphoneos;
				VALIDATE_PRODUCT = YES;
			};
			name = Release;
		};
		1C13A14B2359633600194A89 /* Debug */ = {
			isa = XCBuildConfiguration;
			buildSettings = {
				ASSETCATALOG_COMPILER_APPICON_NAME = AppIcon;
				CODE_SIGN_STYLE = Automatic;
				INFOPLIST_FILE = OpenGLStudy/Info.plist;
				IPHONEOS_DEPLOYMENT_TARGET = 9.0;
				LD_RUNPATH_SEARCH_PATHS = (
					"$(inherited)",
					"@executable_path/Frameworks",
				);
				PRODUCT_BUNDLE_IDENTIFIER = zjj.studio.OpenGLStudy;
				PRODUCT_NAME = "$(TARGET_NAME)";
				TARGETED_DEVICE_FAMILY = "1,2";
			};
			name = Debug;
		};
		1C13A14C2359633600194A89 /* Release */ = {
			isa = XCBuildConfiguration;
			buildSettings = {
				ASSETCATALOG_COMPILER_APPICON_NAME = AppIcon;
				CODE_SIGN_STYLE = Automatic;
				INFOPLIST_FILE = OpenGLStudy/Info.plist;
				IPHONEOS_DEPLOYMENT_TARGET = 9.0;
				LD_RUNPATH_SEARCH_PATHS = (
					"$(inherited)",
					"@executable_path/Frameworks",
				);
				PRODUCT_BUNDLE_IDENTIFIER = zjj.studio.OpenGLStudy;
				PRODUCT_NAME = "$(TARGET_NAME)";
				TARGETED_DEVICE_FAMILY = "1,2";
			};
			name = Release;
		};
		1C13A18B2359B7F200194A89 /* Debug */ = {
			isa = XCBuildConfiguration;
			buildSettings = {
				ASSETCATALOG_COMPILER_APPICON_NAME = AppIcon;
				CODE_SIGN_ENTITLEMENTS = OpenGLStudyMacApp/OpenGLStudyMacApp.entitlements;
				CODE_SIGN_IDENTITY = "-";
				CODE_SIGN_STYLE = Automatic;
				COMBINE_HIDPI_IMAGES = YES;
				INFOPLIST_FILE = OpenGLStudyMacApp/Info.plist;
				LD_RUNPATH_SEARCH_PATHS = (
					"$(inherited)",
					"@executable_path/../Frameworks",
				);
				MACOSX_DEPLOYMENT_TARGET = 10.12;
				PRODUCT_BUNDLE_IDENTIFIER = zjj.studio.OpenGLStudyMacApp;
				PRODUCT_NAME = "$(TARGET_NAME)";
				SDKROOT = macosx;
			};
			name = Debug;
		};
		1C13A18C2359B7F200194A89 /* Release */ = {
			isa = XCBuildConfiguration;
			buildSettings = {
				ASSETCATALOG_COMPILER_APPICON_NAME = AppIcon;
				CODE_SIGN_ENTITLEMENTS = OpenGLStudyMacApp/OpenGLStudyMacApp.entitlements;
				CODE_SIGN_IDENTITY = "-";
				CODE_SIGN_STYLE = Automatic;
				COMBINE_HIDPI_IMAGES = YES;
				INFOPLIST_FILE = OpenGLStudyMacApp/Info.plist;
				LD_RUNPATH_SEARCH_PATHS = (
					"$(inherited)",
					"@executable_path/../Frameworks",
				);
				MACOSX_DEPLOYMENT_TARGET = 10.12;
				PRODUCT_BUNDLE_IDENTIFIER = zjj.studio.OpenGLStudyMacApp;
				PRODUCT_NAME = "$(TARGET_NAME)";
				SDKROOT = macosx;
			};
			name = Release;
		};
/* End XCBuildConfiguration section */

/* Begin XCConfigurationList section */
		1C13A12F2359633400194A89 /* Build configuration list for PBXProject "OpenGLStudy" */ = {
			isa = XCConfigurationList;
			buildConfigurations = (
				1C13A1482359633600194A89 /* Debug */,
				1C13A1492359633600194A89 /* Release */,
			);
			defaultConfigurationIsVisible = 0;
			defaultConfigurationName = Release;
		};
		1C13A14A2359633600194A89 /* Build configuration list for PBXNativeTarget "OpenGLStudy" */ = {
			isa = XCConfigurationList;
			buildConfigurations = (
				1C13A14B2359633600194A89 /* Debug */,
				1C13A14C2359633600194A89 /* Release */,
			);
			defaultConfigurationIsVisible = 0;
			defaultConfigurationName = Release;
		};
		1C13A18A2359B7F200194A89 /* Build configuration list for PBXNativeTarget "OpenGLStudyMacApp" */ = {
			isa = XCConfigurationList;
			buildConfigurations = (
				1C13A18B2359B7F200194A89 /* Debug */,
				1C13A18C2359B7F200194A89 /* Release */,
			);
			defaultConfigurationIsVisible = 0;
			defaultConfigurationName = Release;
		};
/* End XCConfigurationList section */
	};
	rootObject = 1C13A12C2359633400194A89 /* Project object */;
}
